<Solution>
  <Folder Name="/Tests/">
    <Project Path="PasswordManager.Domain.Tests/PasswordManager.Domain.Tests.csproj" />
  </Folder>
  <Project Path="PasswordManager.Application/PasswordManager.Application.csproj" Id="07658d5a-3f43-4ea6-8e39-a3e4bb76cb59" />
  <Project Path="PasswordManager.Domain/PasswordManager.Domain.csproj" />
</Solution>
